// !$*UTF8*$!
{
	archiveVersion = 1;
	classes = {
	};
	objectVersion = 56;
	objects = {

/* Begin PBXBuildFile section */
		A10001001 /* SpeakerPubApp.swift in Sources */ = {isa = PBXBuildFile; fileRef = A10002001; };
		A10001002 /* ContentView.swift in Sources */ = {isa = PBXBuildFile; fileRef = A10002002; };
		A10001003 /* Colors.swift in Sources */ = {isa = PBXBuildFile; fileRef = A10002003; };
		A10001004 /* Spacing.swift in Sources */ = {isa = PBXBuildFile; fileRef = A10002004; };
		A10001005 /* Typography.swift in Sources */ = {isa = PBXBuildFile; fileRef = A10002005; };
		A10001006 /* BarInfo.swift in Sources */ = {isa = PBXBuildFile; fileRef = A10002006; };
		A10001007 /* MenuData.swift in Sources */ = {isa = PBXBuildFile; fileRef = A10002007; };
		A10001008 /* MenuItem.swift in Sources */ = {isa = PBXBuildFile; fileRef = A10002008; };

		A10001010 /* AboutView.swift in Sources */ = {isa = PBXBuildFile; fileRef = A10002010; };
		A10001011 /* MenuItemRow.swift in Sources */ = {isa = PBXBuildFile; fileRef = A10002011; };
		A10001019 /* MenuSearchView.swift in Sources */ = {isa = PBXBuildFile; fileRef = A10002019; };
		A10001012 /* HomeView.swift in Sources */ = {isa = PBXBuildFile; fileRef = A10002012; };
		A10001018 /* ProfileView.swift in Sources */ = {isa = PBXBuildFile; fileRef = A10002018; };

		A10001014 /* BarMenuView.swift in Sources */ = {isa = PBXBuildFile; fileRef = A10002014; };
		A10001015 /* Assets.xcassets in Resources */ = {isa = PBXBuildFile; fileRef = A10002015; };
		A10001016 /* KitchenMenuView.swift in Sources */ = {isa = PBXBuildFile; fileRef = A10002017; };
/* End PBXBuildFile section */

/* Begin PBXFileReference section */
		A10002001 /* SpeakerPubApp.swift */ = {isa = PBXFileReference; lastKnownFileType = sourcecode.swift; path = SpeakerPubApp.swift; sourceTree = "<group>"; };
		A10002002 /* ContentView.swift */ = {isa = PBXFileReference; lastKnownFileType = sourcecode.swift; path = ContentView.swift; sourceTree = "<group>"; };
		A10002003 /* Colors.swift */ = {isa = PBXFileReference; lastKnownFileType = sourcecode.swift; path = Colors.swift; sourceTree = "<group>"; };
		A10002004 /* Spacing.swift */ = {isa = PBXFileReference; lastKnownFileType = sourcecode.swift; path = Spacing.swift; sourceTree = "<group>"; };
		A10002005 /* Typography.swift */ = {isa = PBXFileReference; lastKnownFileType = sourcecode.swift; path = Typography.swift; sourceTree = "<group>"; };
		A10002006 /* BarInfo.swift */ = {isa = PBXFileReference; lastKnownFileType = sourcecode.swift; path = BarInfo.swift; sourceTree = "<group>"; };
		A10002007 /* MenuData.swift */ = {isa = PBXFileReference; lastKnownFileType = sourcecode.swift; path = MenuData.swift; sourceTree = "<group>"; };
		A10002008 /* MenuItem.swift */ = {isa = PBXFileReference; lastKnownFileType = sourcecode.swift; path = MenuItem.swift; sourceTree = "<group>"; };

		A10002010 /* AboutView.swift */ = {isa = PBXFileReference; lastKnownFileType = sourcecode.swift; path = AboutView.swift; sourceTree = "<group>"; };
		A10002011 /* MenuItemRow.swift */ = {isa = PBXFileReference; lastKnownFileType = sourcecode.swift; path = MenuItemRow.swift; sourceTree = "<group>"; };
		A10002019 /* MenuSearchView.swift */ = {isa = PBXFileReference; lastKnownFileType = sourcecode.swift; path = MenuSearchView.swift; sourceTree = "<group>"; };
		A10002012 /* HomeView.swift */ = {isa = PBXFileReference; lastKnownFileType = sourcecode.swift; path = HomeView.swift; sourceTree = "<group>"; };
		A10002018 /* ProfileView.swift */ = {isa = PBXFileReference; lastKnownFileType = sourcecode.swift; path = ProfileView.swift; sourceTree = "<group>"; };

		A10002014 /* BarMenuView.swift */ = {isa = PBXFileReference; lastKnownFileType = sourcecode.swift; path = BarMenuView.swift; sourceTree = "<group>"; };
		A10002015 /* Assets.xcassets */ = {isa = PBXFileReference; lastKnownFileType = folder.assetcatalog; path = Assets.xcassets; sourceTree = "<group>"; };
		A10002017 /* KitchenMenuView.swift */ = {isa = PBXFileReference; lastKnownFileType = sourcecode.swift; path = KitchenMenuView.swift; sourceTree = "<group>"; };
		A10002016 /* Preview Content */ = {isa = PBXFileReference; lastKnownFileType = folder; path = "Preview Content"; sourceTree = "<group>"; };
		A10003000 /* SpeakerPub.app */ = {isa = PBXFileReference; explicitFileType = wrapper.application; includeInIndex = 0; path = SpeakerPub.app; sourceTree = BUILT_PRODUCTS_DIR; };
/* End PBXFileReference section */

/* Begin PBXFrameworksBuildPhase section */
		A10004001 /* Frameworks */ = {
			isa = PBXFrameworksBuildPhase;
			buildActionMask = 2147483647;
			files = (
			);
			runOnlyForDeploymentPostprocessing = 0;
		};
/* End PBXFrameworksBuildPhase section */

/* Begin PBXGroup section */
		A10005000 /* Root */ = {
			isa = PBXGroup;
			children = (
				A10005001 /* SpeakerPub */,
				A10005099 /* Products */,
			);
			sourceTree = "<group>";
		};
		A10005099 /* Products */ = {
			isa = PBXGroup;
			children = (
				A10003000 /* SpeakerPub.app */,
			);
			name = Products;
			sourceTree = "<group>";
		};
		A10005001 /* SpeakerPub */ = {
			isa = PBXGroup;
			children = (
				A10002001 /* SpeakerPubApp.swift */,
				A10002002 /* ContentView.swift */,
				A10005002 /* DesignSystem */,
				A10005003 /* Models */,
				A10005004 /* Views */,
				A10002015 /* Assets.xcassets */,
				A10002016 /* Preview Content */,
			);
			path = SpeakerPub;
			sourceTree = "<group>";
		};
		A10005002 /* DesignSystem */ = {
			isa = PBXGroup;
			children = (
				A10002003 /* Colors.swift */,
				A10002004 /* Spacing.swift */,
				A10002005 /* Typography.swift */,
			);
			path = DesignSystem;
			sourceTree = "<group>";
		};
		A10005003 /* Models */ = {
			isa = PBXGroup;
			children = (
				A10002006 /* BarInfo.swift */,
				A10002007 /* MenuData.swift */,
				A10002008 /* MenuItem.swift */,
			);
			path = Models;
			sourceTree = "<group>";
		};
		A10005004 /* Views */ = {
			isa = PBXGroup;
			children = (
				A10005005 /* Home */,
				A10005006 /* Menu */,
				A10005007 /* About */,
				A10005009 /* Components */,
			);
			path = Views;
			sourceTree = "<group>";
		};
		A10005005 /* Home */ = {
			isa = PBXGroup;
			children = (
				A10002012 /* HomeView.swift */,
				A10002018 /* ProfileView.swift */,
			);
			path = Home;
			sourceTree = "<group>";
		};
		A10005006 /* Menu */ = {
			isa = PBXGroup;
			children = (
				A10002014 /* BarMenuView.swift */,
				A10002017 /* KitchenMenuView.swift */,
			);
			path = Menu;
			sourceTree = "<group>";
		};
		A10005007 /* About */ = {
			isa = PBXGroup;
			children = (
				A10002010 /* AboutView.swift */,
			);
			path = About;
			sourceTree = "<group>";
		};

		A10005009 /* Components */ = {
			isa = PBXGroup;
			children = (
				A10002011 /* MenuItemRow.swift */,
				A10002019 /* MenuSearchView.swift */,
			);
			path = Components;
			sourceTree = "<group>";
		};
/* End PBXGroup section */

/* Begin PBXNativeTarget section */
		A10006000 /* SpeakerPub */ = {
			isa = PBXNativeTarget;
			buildConfigurationList = A10008002 /* Build configuration list for PBXNativeTarget "SpeakerPub" */;
			buildPhases = (
				A10004000 /* Sources */,
				A10004001 /* Frameworks */,
				A10004002 /* Resources */,
			);
			buildRules = (
			);
			dependencies = (
			);
			name = SpeakerPub;
			productName = SpeakerPub;
			productReference = A10003000 /* SpeakerPub.app */;
			productType = "com.apple.product-type.application";
		};
/* End PBXNativeTarget section */

/* Begin PBXProject section */
		A10007000 /* Project object */ = {
			isa = PBXProject;
			attributes = {
				BuildIndependentTargetsInParallel = 1;
				LastSwiftUpdateCheck = 1600;
				LastUpgradeCheck = 1600;
				TargetAttributes = {
					A10006000 = {
						CreatedOnToolsVersion = 16.0;
					};
				};
			};
			buildConfigurationList = A10008000 /* Build configuration list for PBXProject "SpeakerPub" */;
			compatibilityVersion = "Xcode 14.0";
			developmentRegion = ru;
			hasScannedForEncodings = 0;
			knownRegions = (
				en,
				ru,
				Base,
			);
			mainGroup = A10005000 /* Root */;
			productRefGroup = A10005099 /* Products */;
			projectDirPath = "";
			projectRoot = "";
			targets = (
				A10006000 /* SpeakerPub */,
			);
		};
/* End PBXProject section */

/* Begin PBXResourcesBuildPhase section */
		A10004002 /* Resources */ = {
			isa = PBXResourcesBuildPhase;
			buildActionMask = 2147483647;
			files = (
				A10001015 /* Assets.xcassets in Resources */,
			);
			runOnlyForDeploymentPostprocessing = 0;
		};
/* End PBXResourcesBuildPhase section */

/* Begin PBXSourcesBuildPhase section */
		A10004000 /* Sources */ = {
			isa = PBXSourcesBuildPhase;
			buildActionMask = 2147483647;
			files = (
				A10001001 /* SpeakerPubApp.swift in Sources */,
				A10001002 /* ContentView.swift in Sources */,
				A10001003 /* Colors.swift in Sources */,
				A10001004 /* Spacing.swift in Sources */,
				A10001005 /* Typography.swift in Sources */,
				A10001006 /* BarInfo.swift in Sources */,
				A10001007 /* MenuData.swift in Sources */,
				A10001008 /* MenuItem.swift in Sources */,
				A10001010 /* AboutView.swift in Sources */,
				A10001011 /* MenuItemRow.swift in Sources */,
				A10001019 /* MenuSearchView.swift in Sources */,
				A10001012 /* HomeView.swift in Sources */,
				A10001018 /* ProfileView.swift in Sources */,
				A10001014 /* BarMenuView.swift in Sources */,
				A10001016 /* KitchenMenuView.swift in Sources */,
			);
			runOnlyForDeploymentPostprocessing = 0;
		};
/* End PBXSourcesBuildPhase section */

/* Begin XCBuildConfiguration section */
		A10009000 /* Debug */ = {
			isa = XCBuildConfiguration;
			buildSettings = {
				ALWAYS_SEARCH_USER_PATHS = NO;
				ASSETCATALOG_COMPILER_GENERATE_SWIFT_ASSET_SYMBOL_EXTENSIONS = YES;
				CLANG_ANALYZER_NONNULL = YES;
				CLANG_ANALYZER_NUMBER_OBJECT_CONVERSION = YES_AGGRESSIVE;
				CLANG_CXX_LANGUAGE_STANDARD = "gnu++20";
				CLANG_ENABLE_MODULES = YES;
				CLANG_ENABLE_OBJC_ARC = YES;
				CLANG_ENABLE_OBJC_WEAK = YES;
				CLANG_WARN_BLOCK_CAPTURE_AUTORELEASING = YES;
				CLANG_WARN_BOOL_CONVERSION = YES;
				CLANG_WARN_COMMA = YES;
				CLANG_WARN_CONSTANT_CONVERSION = YES;
				CLANG_WARN_DEPRECATED_OBJC_IMPLEMENTATIONS = YES;
				CLANG_WARN_DIRECT_OBJC_ISA_USAGE = YES_ERROR;
				CLANG_WARN_DOCUMENTATION_COMMENTS = YES;
				CLANG_WARN_EMPTY_BODY = YES;
				CLANG_WARN_ENUM_CONVERSION = YES;
				CLANG_WARN_INFINITE_RECURSION = YES;
				CLANG_WARN_INT_CONVERSION = YES;
				CLANG_WARN_NON_LITERAL_NULL_CONVERSION = YES;
				CLANG_WARN_OBJC_IMPLICIT_RETAIN_SELF = YES;
				CLANG_WARN_OBJC_LITERAL_CONVERSION = YES;
				CLANG_WARN_OBJC_ROOT_CLASS = YES_ERROR;
				CLANG_WARN_QUOTED_INCLUDE_IN_FRAMEWORK_HEADER = YES;
				CLANG_WARN_RANGE_LOOP_ANALYSIS = YES;
				CLANG_WARN_STRICT_PROTOTYPES = YES;
				CLANG_WARN_SUSPICIOUS_MOVE = YES;
				CLANG_WARN_UNGUARDED_AVAILABILITY = YES_AGGRESSIVE;
				CLANG_WARN_UNREACHABLE_CODE = YES;
				CLANG_WARN__DUPLICATE_METHOD_MATCH = YES;
				COPY_PHASE_STRIP = NO;
				DEBUG_INFORMATION_FORMAT = dwarf;
				ENABLE_STRICT_OBJC_MSGSEND = YES;
				ENABLE_TESTABILITY = YES;
				ENABLE_USER_SCRIPT_SANDBOXING = YES;
				GCC_C_LANGUAGE_STANDARD = gnu17;
				GCC_DYNAMIC_NO_PIC = NO;
				GCC_NO_COMMON_BLOCKS = YES;
				GCC_OPTIMIZATION_LEVEL = 0;
				GCC_PREPROCESSOR_DEFINITIONS = (
					"DEBUG=1",
					"$(inherited)",
				);
				GCC_WARN_64_TO_32_BIT_CONVERSION = YES;
				GCC_WARN_ABOUT_RETURN_TYPE = YES_ERROR;
				GCC_WARN_UNDECLARED_SELECTOR = YES;
				GCC_WARN_UNINITIALIZED_AUTOS = YES_AGGRESSIVE;
				GCC_WARN_UNUSED_FUNCTION = YES;
				GCC_WARN_UNUSED_VARIABLE = YES;
				IPHONEOS_DEPLOYMENT_TARGET = 17.0;
				LOCALIZATION_PREFERS_STRING_CATALOGS = YES;
				MTL_ENABLE_DEBUG_INFO = INCLUDE_SOURCE;
				MTL_FAST_MATH = YES;
				ONLY_ACTIVE_ARCH = YES;
				SDKROOT = iphoneos;
				SWIFT_ACTIVE_COMPILATION_CONDITIONS = "DEBUG $(inherited)";
				SWIFT_OPTIMIZATION_LEVEL = "-Onone";
			};
			name = Debug;
		};
		A10009001 /* Release */ = {
			isa = XCBuildConfiguration;
			buildSettings = {
				ALWAYS_SEARCH_USER_PATHS = NO;
				ASSETCATALOG_COMPILER_GENERATE_SWIFT_ASSET_SYMBOL_EXTENSIONS = YES;
				CLANG_ANALYZER_NONNULL = YES;
				CLANG_ANALYZER_NUMBER_OBJECT_CONVERSION = YES_AGGRESSIVE;
				CLANG_CXX_LANGUAGE_STANDARD = "gnu++20";
				CLANG_ENABLE_MODULES = YES;
				CLANG_ENABLE_OBJC_ARC = YES;
				CLANG_ENABLE_OBJC_WEAK = YES;
				CLANG_WARN_BLOCK_CAPTURE_AUTORELEASING = YES;
				CLANG_WARN_BOOL_CONVERSION = YES;
				CLANG_WARN_COMMA = YES;
				CLANG_WARN_CONSTANT_CONVERSION = YES;
				CLANG_WARN_DEPRECATED_OBJC_IMPLEMENTATIONS = YES;
				CLANG_WARN_DIRECT_OBJC_ISA_USAGE = YES_ERROR;
				CLANG_WARN_DOCUMENTATION_COMMENTS = YES;
				CLANG_WARN_EMPTY_BODY = YES;
				CLANG_WARN_ENUM_CONVERSION = YES;
				CLANG_WARN_INFINITE_RECURSION = YES;
				CLANG_WARN_INT_CONVERSION = YES;
				CLANG_WARN_NON_LITERAL_NULL_CONVERSION = YES;
				CLANG_WARN_OBJC_IMPLICIT_RETAIN_SELF = YES;
				CLANG_WARN_OBJC_LITERAL_CONVERSION = YES;
				CLANG_WARN_OBJC_ROOT_CLASS = YES_ERROR;
				CLANG_WARN_QUOTED_INCLUDE_IN_FRAMEWORK_HEADER = YES;
				CLANG_WARN_RANGE_LOOP_ANALYSIS = YES;
				CLANG_WARN_STRICT_PROTOTYPES = YES;
				CLANG_WARN_SUSPICIOUS_MOVE = YES;
				CLANG_WARN_UNGUARDED_AVAILABILITY = YES_AGGRESSIVE;
				CLANG_WARN_UNREACHABLE_CODE = YES;
				CLANG_WARN__DUPLICATE_METHOD_MATCH = YES;
				COPY_PHASE_STRIP = NO;
				DEBUG_INFORMATION_FORMAT = "dwarf-with-dsym";
				ENABLE_NS_ASSERTIONS = NO;
				ENABLE_STRICT_OBJC_MSGSEND = YES;
				ENABLE_USER_SCRIPT_SANDBOXING = YES;
				GCC_C_LANGUAGE_STANDARD = gnu17;
				GCC_NO_COMMON_BLOCKS = YES;
				GCC_WARN_64_TO_32_BIT_CONVERSION = YES;
				GCC_WARN_ABOUT_RETURN_TYPE = YES_ERROR;
				GCC_WARN_UNDECLARED_SELECTOR = YES;
				GCC_WARN_UNINITIALIZED_AUTOS = YES_AGGRESSIVE;
				GCC_WARN_UNUSED_FUNCTION = YES;
				GCC_WARN_UNUSED_VARIABLE = YES;
				IPHONEOS_DEPLOYMENT_TARGET = 17.0;
				LOCALIZATION_PREFERS_STRING_CATALOGS = YES;
				MTL_ENABLE_DEBUG_INFO = NO;
				MTL_FAST_MATH = YES;
				SDKROOT = iphoneos;
				SWIFT_COMPILATION_MODE = wholemodule;
				VALIDATE_PRODUCT = YES;
			};
			name = Release;
		};
		A10009002 /* Debug */ = {
			isa = XCBuildConfiguration;
			buildSettings = {
				ASSETCATALOG_COMPILER_APPICON_NAME = AppIcon;
				ASSETCATALOG_COMPILER_GLOBAL_ACCENT_COLOR_NAME = AccentColor;
				CODE_SIGN_STYLE = Automatic;
				CURRENT_PROJECT_VERSION = 1;
				DEVELOPMENT_ASSET_PATHS = "\"SpeakerPub/Preview Content\"";
				ENABLE_PREVIEWS = YES;
				GENERATE_INFOPLIST_FILE = YES;
				INFOPLIST_KEY_CFBundleDisplayName = "Speaker Pub";
				INFOPLIST_KEY_LSApplicationCategoryType = "public.app-category.food-and-drink";
				INFOPLIST_KEY_UIApplicationSceneManifest_Generation = YES;
				INFOPLIST_KEY_UIApplicationSupportsIndirectInputEvents = YES;
				INFOPLIST_KEY_UILaunchScreen_Generation = YES;
				INFOPLIST_KEY_UISupportedInterfaceOrientations = UIInterfaceOrientationPortrait;
				INFOPLIST_KEY_UISupportedInterfaceOrientations_iPad = "UIInterfaceOrientationLandscapeLeft UIInterfaceOrientationLandscapeRight UIInterfaceOrientationPortrait UIInterfaceOrientationPortraitUpsideDown";
				LD_RUNPATH_SEARCH_PATHS = (
					"$(inherited)",
					"@executable_path/Frameworks",
				);
				MARKETING_VERSION = 1.0;
				PRODUCT_BUNDLE_IDENTIFIER = ru.speakerpub.app;
				PRODUCT_NAME = "$(TARGET_NAME)";
				SUPPORTED_PLATFORMS = "iphoneos iphonesimulator";
				SUPPORTS_MACCATALYST = NO;
				SWIFT_EMIT_LOC_STRINGS = YES;
				SWIFT_STRICT_CONCURRENCY = complete;
				SWIFT_VERSION = 5.0;
				TARGETED_DEVICE_FAMILY = "1,2";
			};
			name = Debug;
		};
		A10009003 /* Release */ = {
			isa = XCBuildConfiguration;
			buildSettings = {
				ASSETCATALOG_COMPILER_APPICON_NAME = AppIcon;
				ASSETCATALOG_COMPILER_GLOBAL_ACCENT_COLOR_NAME = AccentColor;
				CODE_SIGN_STYLE = Automatic;
				CURRENT_PROJECT_VERSION = 1;
				DEVELOPMENT_ASSET_PATHS = "\"SpeakerPub/Preview Content\"";
				ENABLE_PREVIEWS = YES;
				GENERATE_INFOPLIST_FILE = YES;
				INFOPLIST_KEY_CFBundleDisplayName = "Speaker Pub";
				INFOPLIST_KEY_LSApplicationCategoryType = "public.app-category.food-and-drink";
				INFOPLIST_KEY_UIApplicationSceneManifest_Generation = YES;
				INFOPLIST_KEY_UIApplicationSupportsIndirectInputEvents = YES;
				INFOPLIST_KEY_UILaunchScreen_Generation = YES;
				INFOPLIST_KEY_UISupportedInterfaceOrientations = UIInterfaceOrientationPortrait;
				INFOPLIST_KEY_UISupportedInterfaceOrientations_iPad = "UIInterfaceOrientationLandscapeLeft UIInterfaceOrientationLandscapeRight UIInterfaceOrientationPortrait UIInterfaceOrientationPortraitUpsideDown";
				LD_RUNPATH_SEARCH_PATHS = (
					"$(inherited)",
					"@executable_path/Frameworks",
				);
				MARKETING_VERSION = 1.0;
				PRODUCT_BUNDLE_IDENTIFIER = ru.speakerpub.app;
				PRODUCT_NAME = "$(TARGET_NAME)";
				SUPPORTED_PLATFORMS = "iphoneos iphonesimulator";
				SUPPORTS_MACCATALYST = NO;
				SWIFT_EMIT_LOC_STRINGS = YES;
				SWIFT_STRICT_CONCURRENCY = complete;
				SWIFT_VERSION = 5.0;
				TARGETED_DEVICE_FAMILY = "1,2";
			};
			name = Release;
		};
/* End XCBuildConfiguration section */

/* Begin XCConfigurationList section */
		A10008000 /* Build configuration list for PBXProject "SpeakerPub" */ = {
			isa = XCConfigurationList;
			buildConfigurations = (
				A10009000 /* Debug */,
				A10009001 /* Release */,
			);
			defaultConfigurationIsVisible = 0;
			defaultConfigurationName = Release;
		};
		A10008002 /* Build configuration list for PBXNativeTarget "SpeakerPub" */ = {
			isa = XCConfigurationList;
			buildConfigurations = (
				A10009002 /* Debug */,
				A10009003 /* Release */,
			);
			defaultConfigurationIsVisible = 0;
			defaultConfigurationName = Release;
		};
/* End XCConfigurationList section */
	};
	rootObject = A10007000 /* Project object */;
}
